// !$*UTF8*$!
{
	archiveVersion = 1;
	classes = {
	};
	objectVersion = 56;
	objects = {

/* Begin PBXBuildFile section */
		1A1F8B6A2BADDB540069A63B /* NotificationsView.swift in Sources */ = {isa = PBXBuildFile; fileRef = 1A1F8B692BADDB540069A63B /* NotificationsView.swift */; };
		1A1F8B6D2BADE3B20069A63B /* NotificationsData.swift in Sources */ = {isa = PBXBuildFile; fileRef = 1A1F8B6C2BADE3B20069A63B /* NotificationsData.swift */; };
		1A4E7D702BAD6CCE0081EC12 /* UIColorWellExtension.swift in Sources */ = {isa = PBXBuildFile; fileRef = 1A4E7D6F2BAD6CCE0081EC12 /* UIColorWellExtension.swift */; };
		1A4E7D722BAD6DA70081EC12 /* CanvasData.swift in Sources */ = {isa = PBXBuildFile; fileRef = 1A4E7D712BAD6DA70081EC12 /* CanvasData.swift */; };
		1AB7ACF22BAB474B00E09324 /* LinkingView.swift in Sources */ = {isa = PBXBuildFile; fileRef = 1AB7ACF12BAB474B00E09324 /* LinkingView.swift */; };
		1ACFB9962BA9AFB200223133 /* NewNodeEditorApp.swift in Sources */ = {isa = PBXBuildFile; fileRef = 1ACFB9952BA9AFB200223133 /* NewNodeEditorApp.swift */; };
		1ACFB9982BA9AFB200223133 /* ContentView.swift in Sources */ = {isa = PBXBuildFile; fileRef = 1ACFB9972BA9AFB200223133 /* ContentView.swift */; };
		1ACFB9A42BA9B07D00223133 /* NodeData.swift in Sources */ = {isa = PBXBuildFile; fileRef = 1ACFB9A32BA9B07D00223133 /* NodeData.swift */; };
		1ACFB9AA2BA9BC2400223133 /* TextUIElement.swift in Sources */ = {isa = PBXBuildFile; fileRef = 1ACFB9A92BA9BC2400223133 /* TextUIElement.swift */; };
		1ACFB9AD2BAA191200223133 /* TextNode.swift in Sources */ = {isa = PBXBuildFile; fileRef = 1ACFB9AC2BAA191200223133 /* TextNode.swift */; };
		1ACFB9AF2BAA191B00223133 /* OpacityNode.swift in Sources */ = {isa = PBXBuildFile; fileRef = 1ACFB9AE2BAA191B00223133 /* OpacityNode.swift */; };
		1ACFB9B12BAA192400223133 /* ColorNode.swift in Sources */ = {isa = PBXBuildFile; fileRef = 1ACFB9B02BAA192400223133 /* ColorNode.swift */; };
		1ACFB9B42BAA1A1400223133 /* CanvasView.swift in Sources */ = {isa = PBXBuildFile; fileRef = 1ACFB9B32BAA1A1400223133 /* CanvasView.swift */; };
		1ACFB9B62BAA1A2300223133 /* PreviewView.swift in Sources */ = {isa = PBXBuildFile; fileRef = 1ACFB9B52BAA1A2300223133 /* PreviewView.swift */; };
		1ACFB9BA2BAA1B5F00223133 /* AddButtons.swift in Sources */ = {isa = PBXBuildFile; fileRef = 1ACFB9B92BAA1B5F00223133 /* AddButtons.swift */; };
		1ACFB9BC2BAA1BA700223133 /* Assets.xcassets in Resources */ = {isa = PBXBuildFile; fileRef = 1ACFB9BB2BAA1BA700223133 /* Assets.xcassets */; };
		1ACFB9BE2BAA1BF700223133 /* ImageNode.swift in Sources */ = {isa = PBXBuildFile; fileRef = 1ACFB9BD2BAA1BF700223133 /* ImageNode.swift */; };
		1ACFB9C02BAA1C8F00223133 /* ImageUIElement.swift in Sources */ = {isa = PBXBuildFile; fileRef = 1ACFB9BF2BAA1C8F00223133 /* ImageUIElement.swift */; };
		1ACFB9C32BAA1E3100223133 /* BaseUINode.swift in Sources */ = {isa = PBXBuildFile; fileRef = 1ACFB9C22BAA1E3100223133 /* BaseUINode.swift */; };
		1ACFB9C52BAA259700223133 /* TextUINode.swift in Sources */ = {isa = PBXBuildFile; fileRef = 1ACFB9C42BAA259700223133 /* TextUINode.swift */; };
		1ACFB9C72BAA328000223133 /* ImageUINode.swift in Sources */ = {isa = PBXBuildFile; fileRef = 1ACFB9C62BAA328000223133 /* ImageUINode.swift */; };
		1ACFB9C92BAA34AF00223133 /* ColorUINode.swift in Sources */ = {isa = PBXBuildFile; fileRef = 1ACFB9C82BAA34AF00223133 /* ColorUINode.swift */; };
		1ACFB9CB2BAA34B800223133 /* OpacityUINode.swift in Sources */ = {isa = PBXBuildFile; fileRef = 1ACFB9CA2BAA34B800223133 /* OpacityUINode.swift */; };
		1ACFB9CD2BAA3B3A00223133 /* BezierPathStatic.swift in Sources */ = {isa = PBXBuildFile; fileRef = 1ACFB9CC2BAA3B3A00223133 /* BezierPathStatic.swift */; };
		1AD88EC72BBD638B0028890E /* OpacitySlider.swift in Sources */ = {isa = PBXBuildFile; fileRef = 1AD88EC62BBD638B0028890E /* OpacitySlider.swift */; };
		1AD88EC92BBD6D7F0028890E /* RotationDial.swift in Sources */ = {isa = PBXBuildFile; fileRef = 1AD88EC82BBD6D7F0028890E /* RotationDial.swift */; };
		1AE242362BAC27B6009F4104 /* BezierPathInteractable.swift in Sources */ = {isa = PBXBuildFile; fileRef = 1AE242352BAC27B6009F4104 /* BezierPathInteractable.swift */; };
		1AE52EF92BB1D3AC00EF64AC /* RotationNode.swift in Sources */ = {isa = PBXBuildFile; fileRef = 1AE52EF82BB1D3AC00EF64AC /* RotationNode.swift */; };
		1AE52EFB2BB1D41B00EF64AC /* RotationUINode.swift in Sources */ = {isa = PBXBuildFile; fileRef = 1AE52EFA2BB1D41B00EF64AC /* RotationUINode.swift */; };
/* End PBXBuildFile section */

/* Begin PBXFileReference section */
		1A1F8B692BADDB540069A63B /* NotificationsView.swift */ = {isa = PBXFileReference; lastKnownFileType = sourcecode.swift; path = NotificationsView.swift; sourceTree = "<group>"; };
		1A1F8B6C2BADE3B20069A63B /* NotificationsData.swift */ = {isa = PBXFileReference; lastKnownFileType = sourcecode.swift; path = NotificationsData.swift; sourceTree = "<group>"; };
		1A4E7D6F2BAD6CCE0081EC12 /* UIColorWellExtension.swift */ = {isa = PBXFileReference; lastKnownFileType = sourcecode.swift; path = UIColorWellExtension.swift; sourceTree = "<group>"; };
		1A4E7D712BAD6DA70081EC12 /* CanvasData.swift */ = {isa = PBXFileReference; lastKnownFileType = sourcecode.swift; path = CanvasData.swift; sourceTree = "<group>"; };
		1AB7ACF12BAB474B00E09324 /* LinkingView.swift */ = {isa = PBXFileReference; lastKnownFileType = sourcecode.swift; path = LinkingView.swift; sourceTree = "<group>"; };
		1ACFB9922BA9AFB200223133 /* SwiftUI-Node-Editor.app */ = {isa = PBXFileReference; explicitFileType = wrapper.application; includeInIndex = 0; path = "SwiftUI-Node-Editor.app"; sourceTree = BUILT_PRODUCTS_DIR; };
		1ACFB9952BA9AFB200223133 /* NewNodeEditorApp.swift */ = {isa = PBXFileReference; lastKnownFileType = sourcecode.swift; path = NewNodeEditorApp.swift; sourceTree = "<group>"; };
		1ACFB9972BA9AFB200223133 /* ContentView.swift */ = {isa = PBXFileReference; lastKnownFileType = sourcecode.swift; path = ContentView.swift; sourceTree = "<group>"; };
		1ACFB9A32BA9B07D00223133 /* NodeData.swift */ = {isa = PBXFileReference; lastKnownFileType = sourcecode.swift; path = NodeData.swift; sourceTree = "<group>"; };
		1ACFB9A92BA9BC2400223133 /* TextUIElement.swift */ = {isa = PBXFileReference; lastKnownFileType = sourcecode.swift; path = TextUIElement.swift; sourceTree = "<group>"; };
		1ACFB9AC2BAA191200223133 /* TextNode.swift */ = {isa = PBXFileReference; lastKnownFileType = sourcecode.swift; path = TextNode.swift; sourceTree = "<group>"; };
		1ACFB9AE2BAA191B00223133 /* OpacityNode.swift */ = {isa = PBXFileReference; lastKnownFileType = sourcecode.swift; path = OpacityNode.swift; sourceTree = "<group>"; };
		1ACFB9B02BAA192400223133 /* ColorNode.swift */ = {isa = PBXFileReference; lastKnownFileType = sourcecode.swift; path = ColorNode.swift; sourceTree = "<group>"; };
		1ACFB9B32BAA1A1400223133 /* CanvasView.swift */ = {isa = PBXFileReference; lastKnownFileType = sourcecode.swift; path = CanvasView.swift; sourceTree = "<group>"; };
		1ACFB9B52BAA1A2300223133 /* PreviewView.swift */ = {isa = PBXFileReference; lastKnownFileType = sourcecode.swift; path = PreviewView.swift; sourceTree = "<group>"; };
		1ACFB9B92BAA1B5F00223133 /* AddButtons.swift */ = {isa = PBXFileReference; lastKnownFileType = sourcecode.swift; path = AddButtons.swift; sourceTree = "<group>"; };
		1ACFB9BB2BAA1BA700223133 /* Assets.xcassets */ = {isa = PBXFileReference; lastKnownFileType = folder.assetcatalog; path = Assets.xcassets; sourceTree = "<group>"; };
		1ACFB9BD2BAA1BF700223133 /* ImageNode.swift */ = {isa = PBXFileReference; lastKnownFileType = sourcecode.swift; path = ImageNode.swift; sourceTree = "<group>"; };
		1ACFB9BF2BAA1C8F00223133 /* ImageUIElement.swift */ = {isa = PBXFileReference; lastKnownFileType = sourcecode.swift; path = ImageUIElement.swift; sourceTree = "<group>"; };
		1ACFB9C22BAA1E3100223133 /* BaseUINode.swift */ = {isa = PBXFileReference; lastKnownFileType = sourcecode.swift; path = BaseUINode.swift; sourceTree = "<group>"; };
		1ACFB9C42BAA259700223133 /* TextUINode.swift */ = {isa = PBXFileReference; lastKnownFileType = sourcecode.swift; path = TextUINode.swift; sourceTree = "<group>"; };
		1ACFB9C62BAA328000223133 /* ImageUINode.swift */ = {isa = PBXFileReference; lastKnownFileType = sourcecode.swift; path = ImageUINode.swift; sourceTree = "<group>"; };
		1ACFB9C82BAA34AF00223133 /* ColorUINode.swift */ = {isa = PBXFileReference; lastKnownFileType = sourcecode.swift; path = ColorUINode.swift; sourceTree = "<group>"; };
		1ACFB9CA2BAA34B800223133 /* OpacityUINode.swift */ = {isa = PBXFileReference; lastKnownFileType = sourcecode.swift; path = OpacityUINode.swift; sourceTree = "<group>"; };
		1ACFB9CC2BAA3B3A00223133 /* BezierPathStatic.swift */ = {isa = PBXFileReference; fileEncoding = 4; lastKnownFileType = sourcecode.swift; path = BezierPathStatic.swift; sourceTree = "<group>"; };
		1AD88EC62BBD638B0028890E /* OpacitySlider.swift */ = {isa = PBXFileReference; lastKnownFileType = sourcecode.swift; path = OpacitySlider.swift; sourceTree = "<group>"; };
		1AD88EC82BBD6D7F0028890E /* RotationDial.swift */ = {isa = PBXFileReference; lastKnownFileType = sourcecode.swift; path = RotationDial.swift; sourceTree = "<group>"; };
		1AE242352BAC27B6009F4104 /* BezierPathInteractable.swift */ = {isa = PBXFileReference; lastKnownFileType = sourcecode.swift; path = BezierPathInteractable.swift; sourceTree = "<group>"; };
		1AE52EF82BB1D3AC00EF64AC /* RotationNode.swift */ = {isa = PBXFileReference; lastKnownFileType = sourcecode.swift; path = RotationNode.swift; sourceTree = "<group>"; };
		1AE52EFA2BB1D41B00EF64AC /* RotationUINode.swift */ = {isa = PBXFileReference; lastKnownFileType = sourcecode.swift; path = RotationUINode.swift; sourceTree = "<group>"; };
/* End PBXFileReference section */

/* Begin PBXFrameworksBuildPhase section */
		1ACFB98F2BA9AFB200223133 /* Frameworks */ = {
			isa = PBXFrameworksBuildPhase;
			buildActionMask = 2147483647;
			files = (
			);
			runOnlyForDeploymentPostprocessing = 0;
		};
/* End PBXFrameworksBuildPhase section */

/* Begin PBXGroup section */
		1A1F8B6B2BADE38F0069A63B /* Notifications */ = {
			isa = PBXGroup;
			children = (
				1A1F8B692BADDB540069A63B /* NotificationsView.swift */,
				1A1F8B6C2BADE3B20069A63B /* NotificationsData.swift */,
			);
			path = Notifications;
			sourceTree = "<group>";
		};
		1A4E7D6E2BAD6CB30081EC12 /* ColorNode */ = {
			isa = PBXGroup;
			children = (
				1ACFB9C82BAA34AF00223133 /* ColorUINode.swift */,
				1A4E7D6F2BAD6CCE0081EC12 /* UIColorWellExtension.swift */,
			);
			path = ColorNode;
			sourceTree = "<group>";
		};
		1ACFB9892BA9AFB200223133 = {
			isa = PBXGroup;
			children = (
				1ACFB9952BA9AFB200223133 /* NewNodeEditorApp.swift */,
				1ACFB9BB2BAA1BA700223133 /* Assets.xcassets */,
				1ACFB9942BA9AFB200223133 /* NewNodeEditor */,
				1ACFB9932BA9AFB200223133 /* Products */,
			);
			sourceTree = "<group>";
		};
		1ACFB9932BA9AFB200223133 /* Products */ = {
			isa = PBXGroup;
			children = (
				1ACFB9922BA9AFB200223133 /* SwiftUI-Node-Editor.app */,
			);
			name = Products;
			sourceTree = "<group>";
		};
		1ACFB9942BA9AFB200223133 /* NewNodeEditor */ = {
			isa = PBXGroup;
			children = (
				1ACFB9972BA9AFB200223133 /* ContentView.swift */,
				1ACFB9B82BAA1A2F00223133 /* Preview */,
				1ACFB9B72BAA1A2800223133 /* Canvas */,
				1ACFB9AB2BAA190000223133 /* Node data */,
				1A1F8B6B2BADE38F0069A63B /* Notifications */,
			);
			path = NewNodeEditor;
			sourceTree = "<group>";
		};
		1ACFB9A62BA9BC0200223133 /* Components */ = {
			isa = PBXGroup;
			children = (
				1ACFB9A92BA9BC2400223133 /* TextUIElement.swift */,
				1ACFB9BF2BAA1C8F00223133 /* ImageUIElement.swift */,
			);
			path = Components;
			sourceTree = "<group>";
		};
		1ACFB9AB2BAA190000223133 /* Node data */ = {
			isa = PBXGroup;
			children = (
				1ACFB9A32BA9B07D00223133 /* NodeData.swift */,
				1ACFB9B22BAA196600223133 /* Nodes */,
			);
			path = "Node data";
			sourceTree = "<group>";
		};
		1ACFB9B22BAA196600223133 /* Nodes */ = {
			isa = PBXGroup;
			children = (
				1ACFB9AC2BAA191200223133 /* TextNode.swift */,
				1ACFB9BD2BAA1BF700223133 /* ImageNode.swift */,
				1ACFB9AE2BAA191B00223133 /* OpacityNode.swift */,
				1ACFB9B02BAA192400223133 /* ColorNode.swift */,
				1AE52EF82BB1D3AC00EF64AC /* RotationNode.swift */,
			);
			path = Nodes;
			sourceTree = "<group>";
		};
		1ACFB9B72BAA1A2800223133 /* Canvas */ = {
			isa = PBXGroup;
			children = (
				1ACFB9B92BAA1B5F00223133 /* AddButtons.swift */,
				1A4E7D712BAD6DA70081EC12 /* CanvasData.swift */,
				1ACFB9B32BAA1A1400223133 /* CanvasView.swift */,
				1AB7ACF12BAB474B00E09324 /* LinkingView.swift */,
				1ACFB9C12BAA1E0B00223133 /* Components */,
			);
			path = Canvas;
			sourceTree = "<group>";
		};
		1ACFB9B82BAA1A2F00223133 /* Preview */ = {
			isa = PBXGroup;
			children = (
				1ACFB9B52BAA1A2300223133 /* PreviewView.swift */,
				1ACFB9A62BA9BC0200223133 /* Components */,
			);
			path = Preview;
			sourceTree = "<group>";
		};
		1ACFB9C12BAA1E0B00223133 /* Components */ = {
			isa = PBXGroup;
			children = (
				1ACFB9C22BAA1E3100223133 /* BaseUINode.swift */,
				1ACFB9CC2BAA3B3A00223133 /* BezierPathStatic.swift */,
				1AE242352BAC27B6009F4104 /* BezierPathInteractable.swift */,
				1ACFB9CE2BAA456300223133 /* Nodes */,
			);
			path = Components;
			sourceTree = "<group>";
		};
		1ACFB9CE2BAA456300223133 /* Nodes */ = {
			isa = PBXGroup;
			children = (
				1ACFB9C42BAA259700223133 /* TextUINode.swift */,
				1ACFB9C62BAA328000223133 /* ImageUINode.swift */,
				1A4E7D6E2BAD6CB30081EC12 /* ColorNode */,
				1AD88EC52BBD63700028890E /* OpacityNode */,
				1AD88ECA2BBD6DB40028890E /* RotationNode */,
			);
			path = Nodes;
			sourceTree = "<group>";
		};
		1AD88EC52BBD63700028890E /* OpacityNode */ = {
			isa = PBXGroup;
			children = (
				1ACFB9CA2BAA34B800223133 /* OpacityUINode.swift */,
				1AD88EC62BBD638B0028890E /* OpacitySlider.swift */,
			);
			path = OpacityNode;
			sourceTree = "<group>";
		};
		1AD88ECA2BBD6DB40028890E /* RotationNode */ = {
			isa = PBXGroup;
			children = (
				1AD88EC82BBD6D7F0028890E /* RotationDial.swift */,
				1AE52EFA2BB1D41B00EF64AC /* RotationUINode.swift */,
			);
			path = RotationNode;
			sourceTree = "<group>";
		};
/* End PBXGroup section */

/* Begin PBXNativeTarget section */
		1ACFB9912BA9AFB200223133 /* SwiftUI-Node-Editor */ = {
			isa = PBXNativeTarget;
			buildConfigurationList = 1ACFB9A02BA9AFB300223133 /* Build configuration list for PBXNativeTarget "SwiftUI-Node-Editor" */;
			buildPhases = (
				1ACFB98E2BA9AFB200223133 /* Sources */,
				1ACFB98F2BA9AFB200223133 /* Frameworks */,
				1ACFB9902BA9AFB200223133 /* Resources */,
			);
			buildRules = (
			);
			dependencies = (
			);
			name = "SwiftUI-Node-Editor";
			productName = NewNodeEditor;
			productReference = 1ACFB9922BA9AFB200223133 /* SwiftUI-Node-Editor.app */;
			productType = "com.apple.product-type.application";
		};
/* End PBXNativeTarget section */

/* Begin PBXProject section */
		1ACFB98A2BA9AFB200223133 /* Project object */ = {
			isa = PBXProject;
			attributes = {
				BuildIndependentTargetsInParallel = 1;
				LastSwiftUpdateCheck = 1530;
				LastUpgradeCheck = 1530;
				TargetAttributes = {
					1ACFB9912BA9AFB200223133 = {
						CreatedOnToolsVersion = 15.3;
					};
				};
			};
			buildConfigurationList = 1ACFB98D2BA9AFB200223133 /* Build configuration list for PBXProject "SwiftUI-Node-Editor" */;
			compatibilityVersion = "Xcode 14.0";
			developmentRegion = en;
			hasScannedForEncodings = 0;
			knownRegions = (
				en,
				Base,
			);
			mainGroup = 1ACFB9892BA9AFB200223133;
			productRefGroup = 1ACFB9932BA9AFB200223133 /* Products */;
			projectDirPath = "";
			projectRoot = "";
			targets = (
				1ACFB9912BA9AFB200223133 /* SwiftUI-Node-Editor */,
			);
		};
/* End PBXProject section */

/* Begin PBXResourcesBuildPhase section */
		1ACFB9902BA9AFB200223133 /* Resources */ = {
			isa = PBXResourcesBuildPhase;
			buildActionMask = 2147483647;
			files = (
				1ACFB9BC2BAA1BA700223133 /* Assets.xcassets in Resources */,
			);
			runOnlyForDeploymentPostprocessing = 0;
		};
/* End PBXResourcesBuildPhase section */

/* Begin PBXSourcesBuildPhase section */
		1ACFB98E2BA9AFB200223133 /* Sources */ = {
			isa = PBXSourcesBuildPhase;
			buildActionMask = 2147483647;
			files = (
				1AB7ACF22BAB474B00E09324 /* LinkingView.swift in Sources */,
				1ACFB9982BA9AFB200223133 /* ContentView.swift in Sources */,
				1AD88EC72BBD638B0028890E /* OpacitySlider.swift in Sources */,
				1ACFB9AA2BA9BC2400223133 /* TextUIElement.swift in Sources */,
				1ACFB9C02BAA1C8F00223133 /* ImageUIElement.swift in Sources */,
				1ACFB9B62BAA1A2300223133 /* PreviewView.swift in Sources */,
				1ACFB9B42BAA1A1400223133 /* CanvasView.swift in Sources */,
				1A1F8B6A2BADDB540069A63B /* NotificationsView.swift in Sources */,
				1ACFB9C72BAA328000223133 /* ImageUINode.swift in Sources */,
				1ACFB9962BA9AFB200223133 /* NewNodeEditorApp.swift in Sources */,
				1ACFB9CD2BAA3B3A00223133 /* BezierPathStatic.swift in Sources */,
				1AD88EC92BBD6D7F0028890E /* RotationDial.swift in Sources */,
				1ACFB9AD2BAA191200223133 /* TextNode.swift in Sources */,
				1A4E7D722BAD6DA70081EC12 /* CanvasData.swift in Sources */,
				1ACFB9C32BAA1E3100223133 /* BaseUINode.swift in Sources */,
				1AE52EF92BB1D3AC00EF64AC /* RotationNode.swift in Sources */,
				1ACFB9C52BAA259700223133 /* TextUINode.swift in Sources */,
				1A1F8B6D2BADE3B20069A63B /* NotificationsData.swift in Sources */,
				1ACFB9B12BAA192400223133 /* ColorNode.swift in Sources */,
				1ACFB9A42BA9B07D00223133 /* NodeData.swift in Sources */,
				1ACFB9CB2BAA34B800223133 /* OpacityUINode.swift in Sources */,
				1ACFB9BE2BAA1BF700223133 /* ImageNode.swift in Sources */,
				1ACFB9AF2BAA191B00223133 /* OpacityNode.swift in Sources */,
				1ACFB9BA2BAA1B5F00223133 /* AddButtons.swift in Sources */,
				1AE242362BAC27B6009F4104 /* BezierPathInteractable.swift in Sources */,
				1A4E7D702BAD6CCE0081EC12 /* UIColorWellExtension.swift in Sources */,
				1ACFB9C92BAA34AF00223133 /* ColorUINode.swift in Sources */,
				1AE52EFB2BB1D41B00EF64AC /* RotationUINode.swift in Sources */,
			);
			runOnlyForDeploymentPostprocessing = 0;
		};
/* End PBXSourcesBuildPhase section */

/* Begin XCBuildConfiguration section */
		1ACFB99E2BA9AFB300223133 /* Debug */ = {
			isa = XCBuildConfiguration;
			buildSettings = {
				ALWAYS_SEARCH_USER_PATHS = NO;
				ASSETCATALOG_COMPILER_GENERATE_SWIFT_ASSET_SYMBOL_EXTENSIONS = YES;
				CLANG_ANALYZER_NONNULL = YES;
				CLANG_ANALYZER_NUMBER_OBJECT_CONVERSION = YES_AGGRESSIVE;
				CLANG_CXX_LANGUAGE_STANDARD = "gnu++20";
				CLANG_ENABLE_MODULES = YES;
				CLANG_ENABLE_OBJC_ARC = YES;
				CLANG_ENABLE_OBJC_WEAK = YES;
				CLANG_WARN_BLOCK_CAPTURE_AUTORELEASING = YES;
				CLANG_WARN_BOOL_CONVERSION = YES;
				CLANG_WARN_COMMA = YES;
				CLANG_WARN_CONSTANT_CONVERSION = YES;
				CLANG_WARN_DEPRECATED_OBJC_IMPLEMENTATIONS = YES;
				CLANG_WARN_DIRECT_OBJC_ISA_USAGE = YES_ERROR;
				CLANG_WARN_DOCUMENTATION_COMMENTS = YES;
				CLANG_WARN_EMPTY_BODY = YES;
				CLANG_WARN_ENUM_CONVERSION = YES;
				CLANG_WARN_INFINITE_RECURSION = YES;
				CLANG_WARN_INT_CONVERSION = YES;
				CLANG_WARN_NON_LITERAL_NULL_CONVERSION = YES;
				CLANG_WARN_OBJC_IMPLICIT_RETAIN_SELF = YES;
				CLANG_WARN_OBJC_LITERAL_CONVERSION = YES;
				CLANG_WARN_OBJC_ROOT_CLASS = YES_ERROR;
				CLANG_WARN_QUOTED_INCLUDE_IN_FRAMEWORK_HEADER = YES;
				CLANG_WARN_RANGE_LOOP_ANALYSIS = YES;
				CLANG_WARN_STRICT_PROTOTYPES = YES;
				CLANG_WARN_SUSPICIOUS_MOVE = YES;
				CLANG_WARN_UNGUARDED_AVAILABILITY = YES_AGGRESSIVE;
				CLANG_WARN_UNREACHABLE_CODE = YES;
				CLANG_WARN__DUPLICATE_METHOD_MATCH = YES;
				COPY_PHASE_STRIP = NO;
				DEBUG_INFORMATION_FORMAT = dwarf;
				ENABLE_STRICT_OBJC_MSGSEND = YES;
				ENABLE_TESTABILITY = YES;
				ENABLE_USER_SCRIPT_SANDBOXING = YES;
				GCC_C_LANGUAGE_STANDARD = gnu17;
				GCC_DYNAMIC_NO_PIC = NO;
				GCC_NO_COMMON_BLOCKS = YES;
				GCC_OPTIMIZATION_LEVEL = 0;
				GCC_PREPROCESSOR_DEFINITIONS = (
					"DEBUG=1",
					"$(inherited)",
				);
				GCC_WARN_64_TO_32_BIT_CONVERSION = YES;
				GCC_WARN_ABOUT_RETURN_TYPE = YES_ERROR;
				GCC_WARN_UNDECLARED_SELECTOR = YES;
				GCC_WARN_UNINITIALIZED_AUTOS = YES_AGGRESSIVE;
				GCC_WARN_UNUSED_FUNCTION = YES;
				GCC_WARN_UNUSED_VARIABLE = YES;
				IPHONEOS_DEPLOYMENT_TARGET = 17.4;
				LOCALIZATION_PREFERS_STRING_CATALOGS = YES;
				MTL_ENABLE_DEBUG_INFO = INCLUDE_SOURCE;
				MTL_FAST_MATH = YES;
				ONLY_ACTIVE_ARCH = YES;
				SDKROOT = iphoneos;
				SWIFT_ACTIVE_COMPILATION_CONDITIONS = "DEBUG $(inherited)";
				SWIFT_OPTIMIZATION_LEVEL = "-Onone";
			};
			name = Debug;
		};
		1ACFB99F2BA9AFB300223133 /* Release */ = {
			isa = XCBuildConfiguration;
			buildSettings = {
				ALWAYS_SEARCH_USER_PATHS = NO;
				ASSETCATALOG_COMPILER_GENERATE_SWIFT_ASSET_SYMBOL_EXTENSIONS = YES;
				CLANG_ANALYZER_NONNULL = YES;
				CLANG_ANALYZER_NUMBER_OBJECT_CONVERSION = YES_AGGRESSIVE;
				CLANG_CXX_LANGUAGE_STANDARD = "gnu++20";
				CLANG_ENABLE_MODULES = YES;
				CLANG_ENABLE_OBJC_ARC = YES;
				CLANG_ENABLE_OBJC_WEAK = YES;
				CLANG_WARN_BLOCK_CAPTURE_AUTORELEASING = YES;
				CLANG_WARN_BOOL_CONVERSION = YES;
				CLANG_WARN_COMMA = YES;
				CLANG_WARN_CONSTANT_CONVERSION = YES;
				CLANG_WARN_DEPRECATED_OBJC_IMPLEMENTATIONS = YES;
				CLANG_WARN_DIRECT_OBJC_ISA_USAGE = YES_ERROR;
				CLANG_WARN_DOCUMENTATION_COMMENTS = YES;
				CLANG_WARN_EMPTY_BODY = YES;
				CLANG_WARN_ENUM_CONVERSION = YES;
				CLANG_WARN_INFINITE_RECURSION = YES;
				CLANG_WARN_INT_CONVERSION = YES;
				CLANG_WARN_NON_LITERAL_NULL_CONVERSION = YES;
				CLANG_WARN_OBJC_IMPLICIT_RETAIN_SELF = YES;
				CLANG_WARN_OBJC_LITERAL_CONVERSION = YES;
				CLANG_WARN_OBJC_ROOT_CLASS = YES_ERROR;
				CLANG_WARN_QUOTED_INCLUDE_IN_FRAMEWORK_HEADER = YES;
				CLANG_WARN_RANGE_LOOP_ANALYSIS = YES;
				CLANG_WARN_STRICT_PROTOTYPES = YES;
				CLANG_WARN_SUSPICIOUS_MOVE = YES;
				CLANG_WARN_UNGUARDED_AVAILABILITY = YES_AGGRESSIVE;
				CLANG_WARN_UNREACHABLE_CODE = YES;
				CLANG_WARN__DUPLICATE_METHOD_MATCH = YES;
				COPY_PHASE_STRIP = NO;
				DEBUG_INFORMATION_FORMAT = "dwarf-with-dsym";
				ENABLE_NS_ASSERTIONS = NO;
				ENABLE_STRICT_OBJC_MSGSEND = YES;
				ENABLE_USER_SCRIPT_SANDBOXING = YES;
				GCC_C_LANGUAGE_STANDARD = gnu17;
				GCC_NO_COMMON_BLOCKS = YES;
				GCC_WARN_64_TO_32_BIT_CONVERSION = YES;
				GCC_WARN_ABOUT_RETURN_TYPE = YES_ERROR;
				GCC_WARN_UNDECLARED_SELECTOR = YES;
				GCC_WARN_UNINITIALIZED_AUTOS = YES_AGGRESSIVE;
				GCC_WARN_UNUSED_FUNCTION = YES;
				GCC_WARN_UNUSED_VARIABLE = YES;
				IPHONEOS_DEPLOYMENT_TARGET = 17.4;
				LOCALIZATION_PREFERS_STRING_CATALOGS = YES;
				MTL_ENABLE_DEBUG_INFO = NO;
				MTL_FAST_MATH = YES;
				SDKROOT = iphoneos;
				SWIFT_COMPILATION_MODE = wholemodule;
				VALIDATE_PRODUCT = YES;
			};
			name = Release;
		};
		1ACFB9A12BA9AFB300223133 /* Debug */ = {
			isa = XCBuildConfiguration;
			buildSettings = {
				ASSETCATALOG_COMPILER_APPICON_NAME = AppIcon;
				ASSETCATALOG_COMPILER_GLOBAL_ACCENT_COLOR_NAME = AccentColor;
				CODE_SIGN_STYLE = Automatic;
				CURRENT_PROJECT_VERSION = 1;
				DEVELOPMENT_TEAM = GXDG2KXXXC;
				ENABLE_PREVIEWS = YES;
				GENERATE_INFOPLIST_FILE = YES;
				INFOPLIST_KEY_CFBundleDisplayName = SwiftNode;
				INFOPLIST_KEY_UIApplicationSceneManifest_Generation = YES;
				INFOPLIST_KEY_UIApplicationSupportsIndirectInputEvents = YES;
				INFOPLIST_KEY_UILaunchScreen_Generation = YES;
				INFOPLIST_KEY_UIRequiresFullScreen = YES;
				INFOPLIST_KEY_UISupportedInterfaceOrientations = UIInterfaceOrientationPortrait;
				INFOPLIST_KEY_UISupportedInterfaceOrientations_iPad = "UIInterfaceOrientationLandscapeLeft UIInterfaceOrientationLandscapeRight";
				IPHONEOS_DEPLOYMENT_TARGET = 17.0;
				LD_RUNPATH_SEARCH_PATHS = (
					"$(inherited)",
					"@executable_path/Frameworks",
				);
				MARKETING_VERSION = 0.9;
				PRODUCT_BUNDLE_IDENTIFIER = com.mattnovoselov.SwiftNode;
				PRODUCT_NAME = "$(TARGET_NAME)";
				SUPPORTED_PLATFORMS = "iphoneos iphonesimulator";
				SUPPORTS_MACCATALYST = NO;
				SUPPORTS_MAC_DESIGNED_FOR_IPHONE_IPAD = NO;
				SUPPORTS_XR_DESIGNED_FOR_IPHONE_IPAD = NO;
				SWIFT_EMIT_LOC_STRINGS = YES;
				SWIFT_VERSION = 5.0;
				TARGETED_DEVICE_FAMILY = 2;
			};
			name = Debug;
		};
		1ACFB9A22BA9AFB300223133 /* Release */ = {
			isa = XCBuildConfiguration;
			buildSettings = {
				ASSETCATALOG_COMPILER_APPICON_NAME = AppIcon;
				ASSETCATALOG_COMPILER_GLOBAL_ACCENT_COLOR_NAME = AccentColor;
				CODE_SIGN_STYLE = Automatic;
				CURRENT_PROJECT_VERSION = 1;
				DEVELOPMENT_TEAM = GXDG2KXXXC;
				ENABLE_PREVIEWS = YES;
				GENERATE_INFOPLIST_FILE = YES;
				INFOPLIST_KEY_CFBundleDisplayName = SwiftNode;
				INFOPLIST_KEY_UIApplicationSceneManifest_Generation = YES;
				INFOPLIST_KEY_UIApplicationSupportsIndirectInputEvents = YES;
				INFOPLIST_KEY_UILaunchScreen_Generation = YES;
				INFOPLIST_KEY_UIRequiresFullScreen = YES;
				INFOPLIST_KEY_UISupportedInterfaceOrientations = UIInterfaceOrientationPortrait;
				INFOPLIST_KEY_UISupportedInterfaceOrientations_iPad = "UIInterfaceOrientationLandscapeLeft UIInterfaceOrientationLandscapeRight";
				IPHONEOS_DEPLOYMENT_TARGET = 17.0;
				LD_RUNPATH_SEARCH_PATHS = (
					"$(inherited)",
					"@executable_path/Frameworks",
				);
				MARKETING_VERSION = 0.9;
				PRODUCT_BUNDLE_IDENTIFIER = com.mattnovoselov.SwiftNode;
				PRODUCT_NAME = "$(TARGET_NAME)";
				SUPPORTED_PLATFORMS = "iphoneos iphonesimulator";
				SUPPORTS_MACCATALYST = NO;
				SUPPORTS_MAC_DESIGNED_FOR_IPHONE_IPAD = NO;
				SUPPORTS_XR_DESIGNED_FOR_IPHONE_IPAD = NO;
				SWIFT_EMIT_LOC_STRINGS = YES;
				SWIFT_VERSION = 5.0;
				TARGETED_DEVICE_FAMILY = 2;
			};
			name = Release;
		};
/* End XCBuildConfiguration section */

/* Begin XCConfigurationList section */
		1ACFB98D2BA9AFB200223133 /* Build configuration list for PBXProject "SwiftUI-Node-Editor" */ = {
			isa = XCConfigurationList;
			buildConfigurations = (
				1ACFB99E2BA9AFB300223133 /* Debug */,
				1ACFB99F2BA9AFB300223133 /* Release */,
			);
			defaultConfigurationIsVisible = 0;
			defaultConfigurationName = Release;
		};
		1ACFB9A02BA9AFB300223133 /* Build configuration list for PBXNativeTarget "SwiftUI-Node-Editor" */ = {
			isa = XCConfigurationList;
			buildConfigurations = (
				1ACFB9A12BA9AFB300223133 /* Debug */,
				1ACFB9A22BA9AFB300223133 /* Release */,
			);
			defaultConfigurationIsVisible = 0;
			defaultConfigurationName = Release;
		};
/* End XCConfigurationList section */
	};
	rootObject = 1ACFB98A2BA9AFB200223133 /* Project object */;
}
